// !$*UTF8*$!
{
	archiveVersion = 1;
	classes = {
	};
	objectVersion = 50;
	objects = {

/* Begin PBXBuildFile section */
		B2C3D4E51F60718293A4B5D1 /* iosApp.swift in Sources */ = {isa = PBXBuildFile; fileRef = B2C3D4E51F60718293A4B5C6 /* iosApp.swift */; };
		B2C3D4E51F60718293A4B5D3 /* SquadViewModel.swift in Sources */ = {isa = PBXBuildFile; fileRef = B2C3D4E51F60718293A4B5C8 /* SquadViewModel.swift */; };
		C2D3E4F51F60718293A4B5DB /* supabase-config.json in Resources */ = {isa = PBXBuildFile; fileRef = C2D3E4F51F60718293A4B5DA /* supabase-config.json */; };
		D1E2F3A41F60718293A4B5E1 /* TacticalTheme.swift in Sources */ = {isa = PBXBuildFile; fileRef = D1E2F3A41F60718293A4B5F1 /* TacticalTheme.swift */; };
		D1E2F3A41F60718293A4B5E2 /* TacticalComponents.swift in Sources */ = {isa = PBXBuildFile; fileRef = D1E2F3A41F60718293A4B5F2 /* TacticalComponents.swift */; };
		D1E2F3A41F60718293A4B5E3 /* LaunchSplashView.swift in Sources */ = {isa = PBXBuildFile; fileRef = D1E2F3A41F60718293A4B5F3 /* LaunchSplashView.swift */; };
		D1E2F3A41F60718293A4B5E4 /* HomeView.swift in Sources */ = {isa = PBXBuildFile; fileRef = D1E2F3A41F60718293A4B5F4 /* HomeView.swift */; };
		D1E2F3A41F60718293A4B5E5 /* LoginView.swift in Sources */ = {isa = PBXBuildFile; fileRef = D1E2F3A41F60718293A4B5F5 /* LoginView.swift */; };
		D1E2F3A41F60718293A4B5E6 /* AlarmRequestSheet.swift in Sources */ = {isa = PBXBuildFile; fileRef = D1E2F3A41F60718293A4B5F6 /* AlarmRequestSheet.swift */; };
		D1E2F3A41F60718293A4B5E7 /* GestSquadreRootView.swift in Sources */ = {isa = PBXBuildFile; fileRef = D1E2F3A41F60718293A4B5F7 /* GestSquadreRootView.swift */; };
		D1E2F3A41F60718293A4B5E8 /* TocMapView.swift in Sources */ = {isa = PBXBuildFile; fileRef = D1E2F3A41F60718293A4B5F8 /* TocMapView.swift */; };
		D1E2F3A41F60718293A4B5E9 /* TocMapViewModel.swift in Sources */ = {isa = PBXBuildFile; fileRef = D1E2F3A41F60718293A4B5F9 /* TocMapViewModel.swift */; };
		D1E2F3A41F60718293A4B5EA /* SessionStorage.swift in Sources */ = {isa = PBXBuildFile; fileRef = D1E2F3A41F60718293A4B5FA /* SessionStorage.swift */; };
		D1E2F3A41F60718293A4B5EB /* logo_open_golf_2026.png in Resources */ = {isa = PBXBuildFile; fileRef = D1E2F3A41F60718293A4B5F0 /* logo_open_golf_2026.png */; };
		E1F2A3B41F60718293A4B601 /* FcmManager.swift in Sources */ = {isa = PBXBuildFile; fileRef = E1F2A3B41F60718293A4B611 /* FcmManager.swift */; };
		E1F2A3B41F60718293A4B602 /* PushAppDelegate.swift in Sources */ = {isa = PBXBuildFile; fileRef = E1F2A3B41F60718293A4B612 /* PushAppDelegate.swift */; };
		E1F2A3B41F60718293A4B603 /* TocMessageStorage.swift in Sources */ = {isa = PBXBuildFile; fileRef = E1F2A3B41F60718293A4B613 /* TocMessageStorage.swift */; };
		E1F2A3B41F60718293A4B604 /* FcmPushBus.swift in Sources */ = {isa = PBXBuildFile; fileRef = E1F2A3B41F60718293A4B614 /* FcmPushBus.swift */; };
		E1F2A3B41F60718293A4B605 /* FcmSessionRegistry.swift in Sources */ = {isa = PBXBuildFile; fileRef = E1F2A3B41F60718293A4B615 /* FcmSessionRegistry.swift */; };
		E1F2A3B41F60718293A4B606 /* firebase-config.json in Resources */ = {isa = PBXBuildFile; fileRef = E1F2A3B41F60718293A4B616 /* firebase-config.json */; };
		E1F2A3B41F60718293A4B607 /* FirebaseCore in Frameworks */ = {isa = PBXBuildFile; productRef = E1F2A3B41F60718293A4B621 /* FirebaseCore */; };
		E1F2A3B41F60718293A4B608 /* FirebaseMessaging in Frameworks */ = {isa = PBXBuildFile; productRef = E1F2A3B41F60718293A4B622 /* FirebaseMessaging */; };
		F1A2B3C41F60718293A4B701 /* MapViewStorage.swift in Sources */ = {isa = PBXBuildFile; fileRef = F1A2B3C41F60718293A4B711 /* MapViewStorage.swift */; };
		F1A2B3C41F60718293A4B702 /* WaypointIcons.swift in Sources */ = {isa = PBXBuildFile; fileRef = F1A2B3C41F60718293A4B712 /* WaypointIcons.swift */; };
		F1A2B3C41F60718293A4B703 /* MapMarkerFactory.swift in Sources */ = {isa = PBXBuildFile; fileRef = F1A2B3C41F60718293A4B713 /* MapMarkerFactory.swift */; };
		F1A2B3C41F60718293A4B704 /* RouteRefreshBus.swift in Sources */ = {isa = PBXBuildFile; fileRef = F1A2B3C41F60718293A4B714 /* RouteRefreshBus.swift */; };
		F1A2B3C41F60718293A4B70E /* SimulatorTocPushRelay.swift in Sources */ = {isa = PBXBuildFile; fileRef = F1A2B3C41F60718293A4B71E /* SimulatorTocPushRelay.swift */; };
		F1A2B3C41F60718293A4B70F /* AppBuildInfo.swift in Sources */ = {isa = PBXBuildFile; fileRef = F1A2B3C41F60718293A4B71F /* AppBuildInfo.swift */; };
		A1B2C3D41F60718293A4B801 /* TocOperatorStorage.swift in Sources */ = {isa = PBXBuildFile; fileRef = A1B2C3D41F60718293A4B811 /* TocOperatorStorage.swift */; };
		A1B2C3D41F60718293A4B802 /* TocOperatorNotifyClient.swift in Sources */ = {isa = PBXBuildFile; fileRef = A1B2C3D41F60718293A4B812 /* TocOperatorNotifyClient.swift */; };
		A1B2C3D41F60718293A4B803 /* TocOperatorNotifyView.swift in Sources */ = {isa = PBXBuildFile; fileRef = A1B2C3D41F60718293A4B813 /* TocOperatorNotifyView.swift */; };
		F1A2B3C41F60718293A4B705 /* Assets.xcassets in Resources */ = {isa = PBXBuildFile; fileRef = F1A2B3C41F60718293A4B715 /* Assets.xcassets */; };
		F1A2B3C41F60718293A4B706 /* waypoint_buche.png in Resources */ = {isa = PBXBuildFile; fileRef = F1A2B3C41F60718293A4B716 /* waypoint_buche.png */; };
		F1A2B3C41F60718293A4B707 /* waypoint_cancello_in.png in Resources */ = {isa = PBXBuildFile; fileRef = F1A2B3C41F60718293A4B717 /* waypoint_cancello_in.png */; };
		F1A2B3C41F60718293A4B708 /* waypoint_club_house.png in Resources */ = {isa = PBXBuildFile; fileRef = F1A2B3C41F60718293A4B718 /* waypoint_club_house.png */; };
		F1A2B3C41F60718293A4B709 /* waypoint_croce_rossa.png in Resources */ = {isa = PBXBuildFile; fileRef = F1A2B3C41F60718293A4B719 /* waypoint_croce_rossa.png */; };
		F1A2B3C41F60718293A4B70A /* waypoint_driving_range.png in Resources */ = {isa = PBXBuildFile; fileRef = F1A2B3C41F60718293A4B71A /* waypoint_driving_range.png */; };
		F1A2B3C41F60718293A4B70B /* waypoint_media_center.png in Resources */ = {isa = PBXBuildFile; fileRef = F1A2B3C41F60718293A4B71B /* waypoint_media_center.png */; };
		F1A2B3C41F60718293A4B70C /* waypoint_villaggio_comm.png in Resources */ = {isa = PBXBuildFile; fileRef = F1A2B3C41F60718293A4B71C /* waypoint_villaggio_comm.png */; };
		F1A2B3C41F60718293A4B70D /* waypoint_welcome.png in Resources */ = {isa = PBXBuildFile; fileRef = F1A2B3C41F60718293A4B71D /* waypoint_welcome.png */; };
		F1A2B3C41F60718293A4B740 /* TocMapSignature.swift in Sources */ = {isa = PBXBuildFile; fileRef = F1A2B3C41F60718293A4B741 /* TocMapSignature.swift */; };
		F1A2B3C41F60718293A4B721 /* SquadIcons.swift in Sources */ = {isa = PBXBuildFile; fileRef = F1A2B3C41F60718293A4B731 /* SquadIcons.swift */; };
		F1A2B3C41F60718293A4B722 /* squad_ambulanza.png in Resources */ = {isa = PBXBuildFile; fileRef = F1A2B3C41F60718293A4B732 /* squad_ambulanza.png */; };
		F1A2B3C41F60718293A4B723 /* squad_coordinatore_cri.png in Resources */ = {isa = PBXBuildFile; fileRef = F1A2B3C41F60718293A4B733 /* squad_coordinatore_cri.png */; };
		F1A2B3C41F60718293A4B724 /* squad_fig.png in Resources */ = {isa = PBXBuildFile; fileRef = F1A2B3C41F60718293A4B734 /* squad_fig.png */; };
		F1A2B3C41F60718293A4B725 /* squad_forze_ordine.png in Resources */ = {isa = PBXBuildFile; fileRef = F1A2B3C41F60718293A4B735 /* squad_forze_ordine.png */; };
		F1A2B3C41F60718293A4B726 /* squad_logo_ansmi.png in Resources */ = {isa = PBXBuildFile; fileRef = F1A2B3C41F60718293A4B736 /* squad_logo_ansmi.png */; };
		F1A2B3C41F60718293A4B727 /* squad_logo_rolexpress.png in Resources */ = {isa = PBXBuildFile; fileRef = F1A2B3C41F60718293A4B737 /* squad_logo_rolexpress.png */; };
		F1A2B3C41F60718293A4B728 /* squad_medico.png in Resources */ = {isa = PBXBuildFile; fileRef = F1A2B3C41F60718293A4B738 /* squad_medico.png */; };
		F1A2B3C41F60718293A4B729 /* squad_squadre_a_piedi.png in Resources */ = {isa = PBXBuildFile; fileRef = F1A2B3C41F60718293A4B739 /* squad_squadre_a_piedi.png */; };
		F1A2B3C41F60718293A4B72A /* squad_vigili_fuoco.png in Resources */ = {isa = PBXBuildFile; fileRef = F1A2B3C41F60718293A4B73A /* squad_vigili_fuoco.png */; };
		F1A2B3C41F60718293A4B72B /* squad_waypoint_toc.png in Resources */ = {isa = PBXBuildFile; fileRef = F1A2B3C41F60718293A4B73B /* squad_waypoint_toc.png */; };
		F1A2B3C41F60718293A4B72C /* waypoint_pma.png in Resources */ = {isa = PBXBuildFile; fileRef = F1A2B3C41F60718293A4B73C /* waypoint_pma.png */; };
		F1A2B3C41F60718293A4B72D /* waypoint_toc.png in Resources */ = {isa = PBXBuildFile; fileRef = F1A2B3C41F60718293A4B73D /* waypoint_toc.png */; };
/* End PBXBuildFile section */

/* Begin PBXFileReference section */
		7555FF8C242A565B00829871 /* Info.plist */ = {isa = PBXFileReference; lastKnownFileType = text.plist.xml; path = Info.plist; sourceTree = "<group>"; };
		AB3632DC29227652001CCB65 /* Config.xcconfig */ = {isa = PBXFileReference; fileEncoding = 4; lastKnownFileType = text.xcconfig; path = Config.xcconfig; sourceTree = "<group>"; };
		B2C3D4E51F60718293A4B5C6 /* iosApp.swift */ = {isa = PBXFileReference; lastKnownFileType = sourcecode.swift; path = iosApp.swift; sourceTree = "<group>"; };
		B2C3D4E51F60718293A4B5C8 /* SquadViewModel.swift */ = {isa = PBXFileReference; lastKnownFileType = sourcecode.swift; path = SquadViewModel.swift; sourceTree = "<group>"; };
		B2C3D4E51F60718293A4B5C9 /* gestSQUADRE.app */ = {isa = PBXFileReference; explicitFileType = wrapper.application; includeInIndex = 0; path = gestSQUADRE.app; sourceTree = BUILT_PRODUCTS_DIR; };
		C2D3E4F51F60718293A4B5DA /* supabase-config.json */ = {isa = PBXFileReference; lastKnownFileType = text.json; path = "supabase-config.json"; sourceTree = "<group>"; };
		D1E2F3A41F60718293A4B5F0 /* logo_open_golf_2026.png */ = {isa = PBXFileReference; lastKnownFileType = image.png; path = logo_open_golf_2026.png; sourceTree = "<group>"; };
		D1E2F3A41F60718293A4B5F1 /* TacticalTheme.swift */ = {isa = PBXFileReference; lastKnownFileType = sourcecode.swift; path = TacticalTheme.swift; sourceTree = "<group>"; };
		D1E2F3A41F60718293A4B5F2 /* TacticalComponents.swift */ = {isa = PBXFileReference; lastKnownFileType = sourcecode.swift; path = TacticalComponents.swift; sourceTree = "<group>"; };
		D1E2F3A41F60718293A4B5F3 /* LaunchSplashView.swift */ = {isa = PBXFileReference; lastKnownFileType = sourcecode.swift; path = LaunchSplashView.swift; sourceTree = "<group>"; };
		D1E2F3A41F60718293A4B5F4 /* HomeView.swift */ = {isa = PBXFileReference; lastKnownFileType = sourcecode.swift; path = HomeView.swift; sourceTree = "<group>"; };
		D1E2F3A41F60718293A4B5F5 /* LoginView.swift */ = {isa = PBXFileReference; lastKnownFileType = sourcecode.swift; path = LoginView.swift; sourceTree = "<group>"; };
		D1E2F3A41F60718293A4B5F6 /* AlarmRequestSheet.swift */ = {isa = PBXFileReference; lastKnownFileType = sourcecode.swift; path = AlarmRequestSheet.swift; sourceTree = "<group>"; };
		D1E2F3A41F60718293A4B5F7 /* GestSquadreRootView.swift */ = {isa = PBXFileReference; lastKnownFileType = sourcecode.swift; path = GestSquadreRootView.swift; sourceTree = "<group>"; };
		D1E2F3A41F60718293A4B5F8 /* TocMapView.swift */ = {isa = PBXFileReference; lastKnownFileType = sourcecode.swift; path = TocMapView.swift; sourceTree = "<group>"; };
		D1E2F3A41F60718293A4B5F9 /* TocMapViewModel.swift */ = {isa = PBXFileReference; lastKnownFileType = sourcecode.swift; path = TocMapViewModel.swift; sourceTree = "<group>"; };
		D1E2F3A41F60718293A4B5FA /* SessionStorage.swift */ = {isa = PBXFileReference; lastKnownFileType = sourcecode.swift; path = SessionStorage.swift; sourceTree = "<group>"; };
		E1F2A3B41F60718293A4B610 /* iosApp.entitlements */ = {isa = PBXFileReference; lastKnownFileType = text.plist.entitlements; path = iosApp.entitlements; sourceTree = "<group>"; };
		E1F2A3B41F60718293A4B611 /* FcmManager.swift */ = {isa = PBXFileReference; lastKnownFileType = sourcecode.swift; path = FcmManager.swift; sourceTree = "<group>"; };
		E1F2A3B41F60718293A4B612 /* PushAppDelegate.swift */ = {isa = PBXFileReference; lastKnownFileType = sourcecode.swift; path = PushAppDelegate.swift; sourceTree = "<group>"; };
		E1F2A3B41F60718293A4B613 /* TocMessageStorage.swift */ = {isa = PBXFileReference; lastKnownFileType = sourcecode.swift; path = TocMessageStorage.swift; sourceTree = "<group>"; };
		E1F2A3B41F60718293A4B614 /* FcmPushBus.swift */ = {isa = PBXFileReference; lastKnownFileType = sourcecode.swift; path = FcmPushBus.swift; sourceTree = "<group>"; };
		E1F2A3B41F60718293A4B615 /* FcmSessionRegistry.swift */ = {isa = PBXFileReference; lastKnownFileType = sourcecode.swift; path = FcmSessionRegistry.swift; sourceTree = "<group>"; };
		E1F2A3B41F60718293A4B616 /* firebase-config.json */ = {isa = PBXFileReference; lastKnownFileType = text.json; path = "firebase-config.json"; sourceTree = "<group>"; };
		F1A2B3C41F60718293A4B711 /* MapViewStorage.swift */ = {isa = PBXFileReference; lastKnownFileType = sourcecode.swift; path = MapViewStorage.swift; sourceTree = "<group>"; };
		F1A2B3C41F60718293A4B712 /* WaypointIcons.swift */ = {isa = PBXFileReference; lastKnownFileType = sourcecode.swift; path = WaypointIcons.swift; sourceTree = "<group>"; };
		F1A2B3C41F60718293A4B713 /* MapMarkerFactory.swift */ = {isa = PBXFileReference; lastKnownFileType = sourcecode.swift; path = MapMarkerFactory.swift; sourceTree = "<group>"; };
		F1A2B3C41F60718293A4B714 /* RouteRefreshBus.swift */ = {isa = PBXFileReference; lastKnownFileType = sourcecode.swift; path = RouteRefreshBus.swift; sourceTree = "<group>"; };
		F1A2B3C41F60718293A4B71E /* SimulatorTocPushRelay.swift */ = {isa = PBXFileReference; lastKnownFileType = sourcecode.swift; path = SimulatorTocPushRelay.swift; sourceTree = "<group>"; };
		F1A2B3C41F60718293A4B71F /* AppBuildInfo.swift */ = {isa = PBXFileReference; lastKnownFileType = sourcecode.swift; path = AppBuildInfo.swift; sourceTree = "<group>"; };
		A1B2C3D41F60718293A4B811 /* TocOperatorStorage.swift */ = {isa = PBXFileReference; lastKnownFileType = sourcecode.swift; path = TocOperatorStorage.swift; sourceTree = "<group>"; };
		A1B2C3D41F60718293A4B812 /* TocOperatorNotifyClient.swift */ = {isa = PBXFileReference; lastKnownFileType = sourcecode.swift; path = TocOperatorNotifyClient.swift; sourceTree = "<group>"; };
		A1B2C3D41F60718293A4B813 /* TocOperatorNotifyView.swift */ = {isa = PBXFileReference; lastKnownFileType = sourcecode.swift; path = TocOperatorNotifyView.swift; sourceTree = "<group>"; };
		F1A2B3C41F60718293A4B715 /* Assets.xcassets */ = {isa = PBXFileReference; lastKnownFileType = folder.assetcatalog; path = Assets.xcassets; sourceTree = "<group>"; };
		F1A2B3C41F60718293A4B716 /* waypoint_buche.png */ = {isa = PBXFileReference; lastKnownFileType = image.png; path = waypoint_buche.png; sourceTree = "<group>"; };
		F1A2B3C41F60718293A4B717 /* waypoint_cancello_in.png */ = {isa = PBXFileReference; lastKnownFileType = image.png; path = waypoint_cancello_in.png; sourceTree = "<group>"; };
		F1A2B3C41F60718293A4B718 /* waypoint_club_house.png */ = {isa = PBXFileReference; lastKnownFileType = image.png; path = waypoint_club_house.png; sourceTree = "<group>"; };
		F1A2B3C41F60718293A4B719 /* waypoint_croce_rossa.png */ = {isa = PBXFileReference; lastKnownFileType = image.png; path = waypoint_croce_rossa.png; sourceTree = "<group>"; };
		F1A2B3C41F60718293A4B71A /* waypoint_driving_range.png */ = {isa = PBXFileReference; lastKnownFileType = image.png; path = waypoint_driving_range.png; sourceTree = "<group>"; };
		F1A2B3C41F60718293A4B71B /* waypoint_media_center.png */ = {isa = PBXFileReference; lastKnownFileType = image.png; path = waypoint_media_center.png; sourceTree = "<group>"; };
		F1A2B3C41F60718293A4B71C /* waypoint_villaggio_comm.png */ = {isa = PBXFileReference; lastKnownFileType = image.png; path = waypoint_villaggio_comm.png; sourceTree = "<group>"; };
		F1A2B3C41F60718293A4B71D /* waypoint_welcome.png */ = {isa = PBXFileReference; lastKnownFileType = image.png; path = waypoint_welcome.png; sourceTree = "<group>"; };
		F1A2B3C41F60718293A4B731 /* SquadIcons.swift */ = {isa = PBXFileReference; lastKnownFileType = sourcecode.swift; path = SquadIcons.swift; sourceTree = "<group>"; };
		F1A2B3C41F60718293A4B741 /* TocMapSignature.swift */ = {isa = PBXFileReference; lastKnownFileType = sourcecode.swift; path = TocMapSignature.swift; sourceTree = "<group>"; };
		F1A2B3C41F60718293A4B732 /* squad_ambulanza.png */ = {isa = PBXFileReference; lastKnownFileType = image.png; path = squad_ambulanza.png; sourceTree = "<group>"; };
		F1A2B3C41F60718293A4B733 /* squad_coordinatore_cri.png */ = {isa = PBXFileReference; lastKnownFileType = image.png; path = squad_coordinatore_cri.png; sourceTree = "<group>"; };
		F1A2B3C41F60718293A4B734 /* squad_fig.png */ = {isa = PBXFileReference; lastKnownFileType = image.png; path = squad_fig.png; sourceTree = "<group>"; };
		F1A2B3C41F60718293A4B735 /* squad_forze_ordine.png */ = {isa = PBXFileReference; lastKnownFileType = image.png; path = squad_forze_ordine.png; sourceTree = "<group>"; };
		F1A2B3C41F60718293A4B736 /* squad_logo_ansmi.png */ = {isa = PBXFileReference; lastKnownFileType = image.png; path = squad_logo_ansmi.png; sourceTree = "<group>"; };
		F1A2B3C41F60718293A4B737 /* squad_logo_rolexpress.png */ = {isa = PBXFileReference; lastKnownFileType = image.png; path = squad_logo_rolexpress.png; sourceTree = "<group>"; };
		F1A2B3C41F60718293A4B738 /* squad_medico.png */ = {isa = PBXFileReference; lastKnownFileType = image.png; path = squad_medico.png; sourceTree = "<group>"; };
		F1A2B3C41F60718293A4B739 /* squad_squadre_a_piedi.png */ = {isa = PBXFileReference; lastKnownFileType = image.png; path = squad_squadre_a_piedi.png; sourceTree = "<group>"; };
		F1A2B3C41F60718293A4B73A /* squad_vigili_fuoco.png */ = {isa = PBXFileReference; lastKnownFileType = image.png; path = squad_vigili_fuoco.png; sourceTree = "<group>"; };
		F1A2B3C41F60718293A4B73B /* squad_waypoint_toc.png */ = {isa = PBXFileReference; lastKnownFileType = image.png; path = squad_waypoint_toc.png; sourceTree = "<group>"; };
		F1A2B3C41F60718293A4B73C /* waypoint_pma.png */ = {isa = PBXFileReference; lastKnownFileType = image.png; path = waypoint_pma.png; sourceTree = "<group>"; };
		F1A2B3C41F60718293A4B73D /* waypoint_toc.png */ = {isa = PBXFileReference; lastKnownFileType = image.png; path = waypoint_toc.png; sourceTree = "<group>"; };
/* End PBXFileReference section */

/* Begin PBXFrameworksBuildPhase section */
		9964867F0862B4D9FB6ABFC7 /* Frameworks */ = {
			isa = PBXFrameworksBuildPhase;
			buildActionMask = 2147483647;
			files = (
				E1F2A3B41F60718293A4B607 /* FirebaseCore in Frameworks */,
				E1F2A3B41F60718293A4B608 /* FirebaseMessaging in Frameworks */,
			);
			runOnlyForDeploymentPostprocessing = 0;
		};
/* End PBXFrameworksBuildPhase section */

/* Begin PBXGroup section */
		7555FF72242A565900829871 = {
			isa = PBXGroup;
			children = (
				AB1DB47929225F7C00F7AF9C /* Configuration */,
				7555FF7D242A565900829871 /* iosApp */,
				7555FF7C242A565900829871 /* Products */,
			);
			sourceTree = "<group>";
		};
		7555FF7C242A565900829871 /* Products */ = {
			isa = PBXGroup;
			children = (
				B2C3D4E51F60718293A4B5C9 /* gestSQUADRE.app */,
			);
			name = Products;
			sourceTree = "<group>";
		};
		7555FF7D242A565900829871 /* iosApp */ = {
			isa = PBXGroup;
			children = (
				7555FF8C242A565B00829871 /* Info.plist */,
				E1F2A3B41F60718293A4B610 /* iosApp.entitlements */,
				B2C3D4E51F60718293A4B5C6 /* iosApp.swift */,
				D1E2F3A41F60718293A4B5F7 /* GestSquadreRootView.swift */,
				D1E2F3A41F60718293A4B5F4 /* HomeView.swift */,
				D1E2F3A41F60718293A4B5F5 /* LoginView.swift */,
				D1E2F3A41F60718293A4B5F3 /* LaunchSplashView.swift */,
				D1E2F3A41F60718293A4B5F6 /* AlarmRequestSheet.swift */,
				D1E2F3A41F60718293A4B5F8 /* TocMapView.swift */,
				D1E2F3A41F60718293A4B5F9 /* TocMapViewModel.swift */,
				F1A2B3C41F60718293A4B741 /* TocMapSignature.swift */,
				F1A2B3C41F60718293A4B711 /* MapViewStorage.swift */,
				F1A2B3C41F60718293A4B712 /* WaypointIcons.swift */,
				F1A2B3C41F60718293A4B731 /* SquadIcons.swift */,
				F1A2B3C41F60718293A4B713 /* MapMarkerFactory.swift */,
				F1A2B3C41F60718293A4B714 /* RouteRefreshBus.swift */,
				F1A2B3C41F60718293A4B71E /* SimulatorTocPushRelay.swift */,
				F1A2B3C41F60718293A4B71F /* AppBuildInfo.swift */,
				A1B2C3D41F60718293A4B811 /* TocOperatorStorage.swift */,
				A1B2C3D41F60718293A4B812 /* TocOperatorNotifyClient.swift */,
				A1B2C3D41F60718293A4B813 /* TocOperatorNotifyView.swift */,
				D1E2F3A41F60718293A4B5F1 /* TacticalTheme.swift */,
				D1E2F3A41F60718293A4B5F2 /* TacticalComponents.swift */,
				D1E2F3A41F60718293A4B5FA /* SessionStorage.swift */,
				E1F2A3B41F60718293A4B611 /* FcmManager.swift */,
				E1F2A3B41F60718293A4B612 /* PushAppDelegate.swift */,
				E1F2A3B41F60718293A4B613 /* TocMessageStorage.swift */,
				E1F2A3B41F60718293A4B614 /* FcmPushBus.swift */,
				E1F2A3B41F60718293A4B615 /* FcmSessionRegistry.swift */,
				B2C3D4E51F60718293A4B5C8 /* SquadViewModel.swift */,
				C2D3E4F51F60718293A4B5DA /* supabase-config.json */,
				E1F2A3B41F60718293A4B616 /* firebase-config.json */,
				D1E2F3A41F60718293A4B5F0 /* logo_open_golf_2026.png */,
				F1A2B3C41F60718293A4B715 /* Assets.xcassets */,
				F1A2B3C41F60718293A4B716 /* waypoint_buche.png */,
				F1A2B3C41F60718293A4B717 /* waypoint_cancello_in.png */,
				F1A2B3C41F60718293A4B718 /* waypoint_club_house.png */,
				F1A2B3C41F60718293A4B719 /* waypoint_croce_rossa.png */,
				F1A2B3C41F60718293A4B71A /* waypoint_driving_range.png */,
				F1A2B3C41F60718293A4B71B /* waypoint_media_center.png */,
				F1A2B3C41F60718293A4B71C /* waypoint_villaggio_comm.png */,
				F1A2B3C41F60718293A4B71D /* waypoint_welcome.png */,
				F1A2B3C41F60718293A4B73C /* waypoint_pma.png */,
				F1A2B3C41F60718293A4B73D /* waypoint_toc.png */,
				F1A2B3C41F60718293A4B732 /* squad_ambulanza.png */,
				F1A2B3C41F60718293A4B733 /* squad_coordinatore_cri.png */,
				F1A2B3C41F60718293A4B734 /* squad_fig.png */,
				F1A2B3C41F60718293A4B735 /* squad_forze_ordine.png */,
				F1A2B3C41F60718293A4B736 /* squad_logo_ansmi.png */,
				F1A2B3C41F60718293A4B737 /* squad_logo_rolexpress.png */,
				F1A2B3C41F60718293A4B738 /* squad_medico.png */,
				F1A2B3C41F60718293A4B739 /* squad_squadre_a_piedi.png */,
				F1A2B3C41F60718293A4B73A /* squad_vigili_fuoco.png */,
				F1A2B3C41F60718293A4B73B /* squad_waypoint_toc.png */,
			);
			path = iosApp;
			sourceTree = "<group>";
		};
		AB1DB47929225F7C00F7AF9C /* Configuration */ = {
			isa = PBXGroup;
			children = (
				AB3632DC29227652001CCB65 /* Config.xcconfig */,
			);
			path = Configuration;
			sourceTree = "<group>";
		};
/* End PBXGroup section */

/* Begin PBXNativeTarget section */
		7555FF7A242A565900829871 /* iosApp */ = {
			isa = PBXNativeTarget;
			buildConfigurationList = 7555FFA5242A565B00829871 /* Build configuration list for PBXNativeTarget "iosApp" */;
			buildPhases = (
				C1A2B3D4E5F60718293A4B5D0 /* Sync Supabase Config */,
				05EA384A2A8A60F800FD98BE /* Compile Kotlin Framework */,
				7555FF77242A565900829871 /* Sources */,
				7555FF79242A565900829871 /* Resources */,
				9964867F0862B4D9FB6ABFC7 /* Frameworks */,
			);
			buildRules = (
			);
			dependencies = (
			);
			name = iosApp;
			packageProductDependencies = (
				E1F2A3B41F60718293A4B621 /* FirebaseCore */,
				E1F2A3B41F60718293A4B622 /* FirebaseMessaging */,
			);
			productName = iosApp;
			productReference = B2C3D4E51F60718293A4B5C9 /* gestSQUADRE.app */;
			productType = "com.apple.product-type.application";
		};
/* End PBXNativeTarget section */

/* Begin PBXProject section */
		7555FF73242A565900829871 /* Project object */ = {
			isa = PBXProject;
			attributes = {
				LastSwiftUpdateCheck = 1600;
				LastUpgradeCheck = 1600;
				TargetAttributes = {
					7555FF7A242A565900829871 = {
						CreatedOnToolsVersion = 16.0;
					};
				};
			};
			buildConfigurationList = 7555FF76242A565900829871 /* Build configuration list for PBXProject "iosApp" */;
			compatibilityVersion = "Xcode 9.3";
			developmentRegion = it;
			hasScannedForEncodings = 0;
			knownRegions = (
				it,
				Base,
			);
			mainGroup = 7555FF72242A565900829871;
			packageReferences = (
				E1F2A3B41F60718293A4B620 /* XCRemoteSwiftPackageReference "firebase-ios-sdk" */,
			);
			productRefGroup = 7555FF7C242A565900829871 /* Products */;
			projectDirPath = "";
			projectRoot = "";
			targets = (
				7555FF7A242A565900829871 /* iosApp */,
			);
		};
/* End PBXProject section */

/* Begin PBXResourcesBuildPhase section */
		7555FF79242A565900829871 /* Resources */ = {
			isa = PBXResourcesBuildPhase;
			buildActionMask = 2147483647;
			files = (
				C2D3E4F51F60718293A4B5DB /* supabase-config.json in Resources */,
				E1F2A3B41F60718293A4B606 /* firebase-config.json in Resources */,
				D1E2F3A41F60718293A4B5EB /* logo_open_golf_2026.png in Resources */,
				F1A2B3C41F60718293A4B705 /* Assets.xcassets in Resources */,
				F1A2B3C41F60718293A4B706 /* waypoint_buche.png in Resources */,
				F1A2B3C41F60718293A4B707 /* waypoint_cancello_in.png in Resources */,
				F1A2B3C41F60718293A4B708 /* waypoint_club_house.png in Resources */,
				F1A2B3C41F60718293A4B709 /* waypoint_croce_rossa.png in Resources */,
				F1A2B3C41F60718293A4B70A /* waypoint_driving_range.png in Resources */,
				F1A2B3C41F60718293A4B70B /* waypoint_media_center.png in Resources */,
				F1A2B3C41F60718293A4B70C /* waypoint_villaggio_comm.png in Resources */,
				F1A2B3C41F60718293A4B70D /* waypoint_welcome.png in Resources */,
				F1A2B3C41F60718293A4B72C /* waypoint_pma.png in Resources */,
				F1A2B3C41F60718293A4B72D /* waypoint_toc.png in Resources */,
				F1A2B3C41F60718293A4B722 /* squad_ambulanza.png in Resources */,
				F1A2B3C41F60718293A4B723 /* squad_coordinatore_cri.png in Resources */,
				F1A2B3C41F60718293A4B724 /* squad_fig.png in Resources */,
				F1A2B3C41F60718293A4B725 /* squad_forze_ordine.png in Resources */,
				F1A2B3C41F60718293A4B726 /* squad_logo_ansmi.png in Resources */,
				F1A2B3C41F60718293A4B727 /* squad_logo_rolexpress.png in Resources */,
				F1A2B3C41F60718293A4B728 /* squad_medico.png in Resources */,
				F1A2B3C41F60718293A4B729 /* squad_squadre_a_piedi.png in Resources */,
				F1A2B3C41F60718293A4B72A /* squad_vigili_fuoco.png in Resources */,
				F1A2B3C41F60718293A4B72B /* squad_waypoint_toc.png in Resources */,
			);
			runOnlyForDeploymentPostprocessing = 0;
		};
/* End PBXResourcesBuildPhase section */

/* Begin PBXShellScriptBuildPhase section */
		05EA384A2A8A60F800FD98BE /* Compile Kotlin Framework */ = {
			isa = PBXShellScriptBuildPhase;
			buildActionMask = 2147483647;
			files = (
			);
			inputFileListPaths = (
			);
			inputPaths = (
			);
			name = "Compile Kotlin Framework";
			outputFileListPaths = (
			);
			outputPaths = (
				"$(SRCROOT)/../shared/build/xcode-frameworks/$(CONFIGURATION)/$(SDK_NAME)/shared.framework",
			);
			runOnlyForDeploymentPostprocessing = 0;
			shellPath = /bin/sh;
			shellScript = "set -e\nexport PATH=\"/opt/homebrew/bin:/usr/local/bin:$PATH\"\nbash \"$SRCROOT/compile-kotlin-framework.sh\"\n";
		};
		C1A2B3D4E5F60718293A4B5D0 /* Sync Supabase Config */ = {
			isa = PBXShellScriptBuildPhase;
			buildActionMask = 2147483647;
			files = (
			);
			inputFileListPaths = (
			);
			inputPaths = (
				"$(SRCROOT)/../gest_squadre/dart-defines.json",
			);
			name = "Sync Supabase Config";
			outputFileListPaths = (
			);
			outputPaths = (
				"$(SRCROOT)/Configuration/Config.xcconfig",
				"$(SRCROOT)/iosApp/supabase-config.json",
				"$(SRCROOT)/iosApp/firebase-config.json",
			);
			runOnlyForDeploymentPostprocessing = 0;
			shellPath = /bin/sh;
			shellScript = "set -e\nexport PATH=\"/opt/homebrew/bin:/usr/local/bin:$PATH\"\nbash \"$SRCROOT/sync-config.sh\"\n";
		};
/* End PBXShellScriptBuildPhase section */

/* Begin PBXSourcesBuildPhase section */
		7555FF77242A565900829871 /* Sources */ = {
			isa = PBXSourcesBuildPhase;
			buildActionMask = 2147483647;
			files = (
				B2C3D4E51F60718293A4B5D1 /* iosApp.swift in Sources */,
				D1E2F3A41F60718293A4B5E7 /* GestSquadreRootView.swift in Sources */,
				D1E2F3A41F60718293A4B5E4 /* HomeView.swift in Sources */,
				D1E2F3A41F60718293A4B5E5 /* LoginView.swift in Sources */,
				D1E2F3A41F60718293A4B5E3 /* LaunchSplashView.swift in Sources */,
				D1E2F3A41F60718293A4B5E6 /* AlarmRequestSheet.swift in Sources */,
				D1E2F3A41F60718293A4B5E8 /* TocMapView.swift in Sources */,
				D1E2F3A41F60718293A4B5E9 /* TocMapViewModel.swift in Sources */,
				F1A2B3C41F60718293A4B740 /* TocMapSignature.swift in Sources */,
				F1A2B3C41F60718293A4B701 /* MapViewStorage.swift in Sources */,
				F1A2B3C41F60718293A4B702 /* WaypointIcons.swift in Sources */,
				F1A2B3C41F60718293A4B721 /* SquadIcons.swift in Sources */,
				F1A2B3C41F60718293A4B703 /* MapMarkerFactory.swift in Sources */,
				F1A2B3C41F60718293A4B704 /* RouteRefreshBus.swift in Sources */,
				F1A2B3C41F60718293A4B70E /* SimulatorTocPushRelay.swift in Sources */,
				F1A2B3C41F60718293A4B70F /* AppBuildInfo.swift in Sources */,
				A1B2C3D41F60718293A4B801 /* TocOperatorStorage.swift in Sources */,
				A1B2C3D41F60718293A4B802 /* TocOperatorNotifyClient.swift in Sources */,
				A1B2C3D41F60718293A4B803 /* TocOperatorNotifyView.swift in Sources */,
				D1E2F3A41F60718293A4B5E1 /* TacticalTheme.swift in Sources */,
				D1E2F3A41F60718293A4B5E2 /* TacticalComponents.swift in Sources */,
				D1E2F3A41F60718293A4B5EA /* SessionStorage.swift in Sources */,
				E1F2A3B41F60718293A4B601 /* FcmManager.swift in Sources */,
				E1F2A3B41F60718293A4B602 /* PushAppDelegate.swift in Sources */,
				E1F2A3B41F60718293A4B603 /* TocMessageStorage.swift in Sources */,
				E1F2A3B41F60718293A4B604 /* FcmPushBus.swift in Sources */,
				E1F2A3B41F60718293A4B605 /* FcmSessionRegistry.swift in Sources */,
				B2C3D4E51F60718293A4B5D3 /* SquadViewModel.swift in Sources */,
			);
			runOnlyForDeploymentPostprocessing = 0;
		};
/* End PBXSourcesBuildPhase section */

/* Begin XCBuildConfiguration section */
		7555FFA3242A565B00829871 /* Debug */ = {
			isa = XCBuildConfiguration;
			baseConfigurationReference = AB3632DC29227652001CCB65 /* Config.xcconfig */;
			buildSettings = {
				ALWAYS_SEARCH_USER_PATHS = NO;
				CLANG_ENABLE_MODULES = YES;
				CLANG_ENABLE_OBJC_ARC = YES;
				COPY_PHASE_STRIP = NO;
				DEBUG_INFORMATION_FORMAT = dwarf;
				ENABLE_TESTABILITY = YES;
				GCC_DYNAMIC_NO_PIC = NO;
				GCC_OPTIMIZATION_LEVEL = 0;
				GCC_PREPROCESSOR_DEFINITIONS = (
					"DEBUG=1",
					"$(inherited)",
				);
				IPHONEOS_DEPLOYMENT_TARGET = 16.0;
				MTL_ENABLE_DEBUG_INFO = INCLUDE_SOURCE;
				ONLY_ACTIVE_ARCH = YES;
				SDKROOT = iphoneos;
				SWIFT_ACTIVE_COMPILATION_CONDITIONS = DEBUG;
				SWIFT_OPTIMIZATION_LEVEL = "-Onone";
			};
			name = Debug;
		};
		7555FFA4242A565B00829871 /* Release */ = {
			isa = XCBuildConfiguration;
			baseConfigurationReference = AB3632DC29227652001CCB65 /* Config.xcconfig */;
			buildSettings = {
				ALWAYS_SEARCH_USER_PATHS = NO;
				CLANG_ENABLE_MODULES = YES;
				CLANG_ENABLE_OBJC_ARC = YES;
				COPY_PHASE_STRIP = NO;
				DEBUG_INFORMATION_FORMAT = "dwarf-with-dsym";
				ENABLE_NS_ASSERTIONS = NO;
				GCC_OPTIMIZATION_LEVEL = s;
				IPHONEOS_DEPLOYMENT_TARGET = 16.0;
				MTL_ENABLE_DEBUG_INFO = NO;
				SDKROOT = iphoneos;
				SWIFT_COMPILATION_MODE = wholemodule;
				VALIDATE_PRODUCT = YES;
			};
			name = Release;
		};
		7555FFA6242A565B00829871 /* Debug */ = {
			isa = XCBuildConfiguration;
			buildSettings = {
				ASSETCATALOG_COMPILER_APPICON_NAME = AppIcon;
				CODE_SIGN_ENTITLEMENTS = iosApp/iosApp.entitlements;
				CODE_SIGN_STYLE = Automatic;
				DEVELOPMENT_TEAM = 9GZ3AN39J2;
				ENABLE_USER_SCRIPT_SANDBOXING = NO;
				FRAMEWORK_SEARCH_PATHS = "$(SRCROOT)/../shared/build/xcode-frameworks/$(CONFIGURATION)/$(SDK_NAME)";
				GENERATE_INFOPLIST_FILE = NO;
				INFOPLIST_FILE = iosApp/Info.plist;
				KOTLIN_FRAMEWORK_BUILD_TYPE = debug;
				LD_RUNPATH_SEARCH_PATHS = (
					"$(inherited)",
					"@executable_path/Frameworks",
				);
				OTHER_LDFLAGS = (
					"$(inherited)",
					"-framework",
					shared,
				);
				PRODUCT_NAME = gestSQUADRE;
				SWIFT_EMIT_LOC_STRINGS = YES;
				SWIFT_ENABLE_EXPLICIT_MODULES = NO;
				SWIFT_VERSION = 5.0;
				TARGETED_DEVICE_FAMILY = "1,2";
			};
			name = Debug;
		};
		7555FFA7242A565B00829871 /* Release */ = {
			isa = XCBuildConfiguration;
			buildSettings = {
				ASSETCATALOG_COMPILER_APPICON_NAME = AppIcon;
				CODE_SIGN_ENTITLEMENTS = iosApp/iosApp-Release.entitlements;
				CODE_SIGN_STYLE = Automatic;
				DEVELOPMENT_TEAM = 9GZ3AN39J2;
				ENABLE_USER_SCRIPT_SANDBOXING = NO;
				FRAMEWORK_SEARCH_PATHS = "$(SRCROOT)/../shared/build/xcode-frameworks/$(CONFIGURATION)/$(SDK_NAME)";
				GENERATE_INFOPLIST_FILE = NO;
				INFOPLIST_FILE = iosApp/Info.plist;
				KOTLIN_FRAMEWORK_BUILD_TYPE = release;
				LD_RUNPATH_SEARCH_PATHS = (
					"$(inherited)",
					"@executable_path/Frameworks",
				);
				OTHER_LDFLAGS = (
					"$(inherited)",
					"-framework",
					shared,
				);
				PRODUCT_NAME = gestSQUADRE;
				SWIFT_EMIT_LOC_STRINGS = YES;
				SWIFT_ENABLE_EXPLICIT_MODULES = NO;
				SWIFT_VERSION = 5.0;
				TARGETED_DEVICE_FAMILY = "1,2";
			};
			name = Release;
		};
/* End XCBuildConfiguration section */

/* Begin XCConfigurationList section */
		7555FF76242A565900829871 /* Build configuration list for PBXProject "iosApp" */ = {
			isa = XCConfigurationList;
			buildConfigurations = (
				7555FFA3242A565B00829871 /* Debug */,
				7555FFA4242A565B00829871 /* Release */,
			);
			defaultConfigurationIsVisible = 0;
			defaultConfigurationName = Release;
		};
		7555FFA5242A565B00829871 /* Build configuration list for PBXNativeTarget "iosApp" */ = {
			isa = XCConfigurationList;
			buildConfigurations = (
				7555FFA6242A565B00829871 /* Debug */,
				7555FFA7242A565B00829871 /* Release */,
			);
			defaultConfigurationIsVisible = 0;
			defaultConfigurationName = Release;
		};
/* End XCConfigurationList section */

/* Begin XCRemoteSwiftPackageReference section */
		E1F2A3B41F60718293A4B620 /* XCRemoteSwiftPackageReference "firebase-ios-sdk" */ = {
			isa = XCRemoteSwiftPackageReference;
			repositoryURL = "https://github.com/firebase/firebase-ios-sdk";
			requirement = {
				kind = upToNextMajorVersion;
				minimumVersion = 11.0.0;
			};
		};
/* End XCRemoteSwiftPackageReference section */

/* Begin XCSwiftPackageProductDependency section */
		E1F2A3B41F60718293A4B621 /* FirebaseCore */ = {
			isa = XCSwiftPackageProductDependency;
			package = E1F2A3B41F60718293A4B620 /* XCRemoteSwiftPackageReference "firebase-ios-sdk" */;
			productName = FirebaseCore;
		};
		E1F2A3B41F60718293A4B622 /* FirebaseMessaging */ = {
			isa = XCSwiftPackageProductDependency;
			package = E1F2A3B41F60718293A4B620 /* XCRemoteSwiftPackageReference "firebase-ios-sdk" */;
			productName = FirebaseMessaging;
		};
/* End XCSwiftPackageProductDependency section */
	};
	rootObject = 7555FF73242A565900829871 /* Project object */;
}
