// !$*UTF8*$!
{
	archiveVersion = 1;
	classes = {
	};
	objectVersion = 56;
	objects = {

/* Begin PBXBuildFile section */
		A100000000000021 /* iosApp.swift in Sources */ = {isa = PBXBuildFile; fileRef = A10000000000000D /* iosApp.swift */; };
		A100000000000022 /* ContentView.swift in Sources */ = {isa = PBXBuildFile; fileRef = A10000000000000E /* ContentView.swift */; };
		A100000000000023 /* SquadViewModel.swift in Sources */ = {isa = PBXBuildFile; fileRef = A10000000000000F /* SquadViewModel.swift */; };
		A100000000000024 /* shared.framework in Frameworks */ = {isa = PBXBuildFile; fileRef = A100000000000017 /* shared.framework */; };
/* End PBXBuildFile section */

/* Begin PBXFileReference section */
		A10000000000000D /* iosApp.swift */ = {isa = PBXFileReference; lastKnownFileType = sourcecode.swift; path = iosApp.swift; sourceTree = "<group>"; };
		A10000000000000E /* ContentView.swift */ = {isa = PBXFileReference; lastKnownFileType = sourcecode.swift; path = ContentView.swift; sourceTree = "<group>"; };
		A10000000000000F /* SquadViewModel.swift */ = {isa = PBXFileReference; lastKnownFileType = sourcecode.swift; path = SquadViewModel.swift; sourceTree = "<group>"; };
		A100000000000010 /* Info.plist */ = {isa = PBXFileReference; lastKnownFileType = text.plist.xml; path = Info.plist; sourceTree = "<group>"; };
		A100000000000014 /* gestSQUADRE.app */ = {isa = PBXFileReference; explicitFileType = wrapper.application; includeInIndex = 0; path = gestSQUADRE.app; sourceTree = BUILT_PRODUCTS_DIR; };
		A100000000000016 /* Config.xcconfig */ = {isa = PBXFileReference; lastKnownFileType = text.xcconfig; path = Config.xcconfig; sourceTree = "<group>"; };
		A100000000000017 /* shared.framework */ = {isa = PBXFileReference; lastKnownFileType = wrapper.framework; name = shared.framework; path = ../shared/build/xcode-frameworks/$(CONFIGURATION)/$(SDK_NAME)/shared.framework; sourceTree = "<group>"; };
/* End PBXFileReference section */

/* Begin PBXFrameworksBuildPhase section */
		A10000000000000A /* Frameworks */ = {
			isa = PBXFrameworksBuildPhase;
			buildActionMask = 2147483647;
			files = (
				A100000000000024 /* shared.framework in Frameworks */,
			);
			runOnlyForDeploymentPostprocessing = 0;
		};
/* End PBXFrameworksBuildPhase section */

/* Begin PBXGroup section */
		A100000000000011 = {
			isa = PBXGroup;
			children = (
				A100000000000015 /* Configuration */,
				A100000000000012 /* iosApp */,
				A100000000000018 /* Frameworks */,
				A100000000000013 /* Products */,
			);
			sourceTree = "<group>";
		};
		A100000000000012 /* iosApp */ = {
			isa = PBXGroup;
			children = (
				A10000000000000D /* iosApp.swift */,
				A10000000000000E /* ContentView.swift */,
				A10000000000000F /* SquadViewModel.swift */,
				A100000000000010 /* Info.plist */,
			);
			path = iosApp;
			sourceTree = "<group>";
		};
		A100000000000013 /* Products */ = {
			isa = PBXGroup;
			children = (
				A100000000000014 /* gestSQUADRE.app */,
			);
			name = Products;
			sourceTree = "<group>";
		};
		A100000000000015 /* Configuration */ = {
			isa = PBXGroup;
			children = (
				A100000000000016 /* Config.xcconfig */,
			);
			path = Configuration;
			sourceTree = "<group>";
		};
		A100000000000018 /* Frameworks */ = {
			isa = PBXGroup;
			children = (
				A100000000000017 /* shared.framework */,
			);
			name = Frameworks;
			sourceTree = "<group>";
		};
/* End PBXGroup section */

/* Begin PBXNativeTarget section */
		A100000000000002 /* iosApp */ = {
			isa = PBXNativeTarget;
			buildConfigurationList = A100000000000006 /* Build configuration list for PBXNativeTarget "iosApp" */;
			buildPhases = (
				A10000000000000C /* Compile Kotlin Framework */,
				A100000000000009 /* Sources */,
				A10000000000000A /* Frameworks */,
			);
			buildRules = (
			);
			dependencies = (
			);
			name = iosApp;
			productName = iosApp;
			productReference = A100000000000014 /* gestSQUADRE.app */;
			productType = "com.apple.product-type.application";
		};
/* End PBXNativeTarget section */

/* Begin PBXProject section */
		A100000000000001 /* Project object */ = {
			isa = PBXProject;
			attributes = {
				BuildIndependentTargetsInParallel = 1;
				LastSwiftUpdateCheck = 1600;
				LastUpgradeCheck = 1600;
				TargetAttributes = {
					A100000000000002 = {
						CreatedOnToolsVersion = 16.0;
					};
				};
			};
			buildConfigurationList = A100000000000003 /* Build configuration list for PBXProject "iosApp" */;
			compatibilityVersion = "Xcode 14.0";
			developmentRegion = it;
			hasScannedForEncodings = 0;
			knownRegions = (
				it,
				Base,
			);
			mainGroup = A100000000000011;
			productRefGroup = A100000000000013 /* Products */;
			projectDirPath = "";
			projectRoot = "";
			targets = (
				A100000000000002 /* iosApp */,
			);
		};
/* End PBXProject section */

/* Begin PBXShellScriptBuildPhase section */
		A10000000000000C /* Compile Kotlin Framework */ = {
			isa = PBXShellScriptBuildPhase;
			alwaysOutOfDate = 1;
			buildActionMask = 2147483647;
			files = (
			);
			inputFileListPaths = (
			);
			inputPaths = (
			);
			name = "Compile Kotlin Framework";
			outputFileListPaths = (
			);
			outputPaths = (
			);
			runOnlyForDeploymentPostprocessing = 0;
			shellPath = /bin/sh;
			shellScript = "cd \"$SRCROOT/..\"\n./gradlew :shared:embedAndSignAppleFrameworkForXcode -PXCODE_CONFIGURATION=${CONFIGURATION} -PXCODE_SDK_NAME=${SDK_NAME} -PXCODE_ARCHS=\"${ARCHS}\"\n";
		};
/* End PBXShellScriptBuildPhase section */

/* Begin PBXSourcesBuildPhase section */
		A100000000000009 /* Sources */ = {
			isa = PBXSourcesBuildPhase;
			buildActionMask = 2147483647;
			files = (
				A100000000000021 /* iosApp.swift in Sources */,
				A100000000000022 /* ContentView.swift in Sources */,
				A100000000000023 /* SquadViewModel.swift in Sources */,
			);
			runOnlyForDeploymentPostprocessing = 0;
		};
/* End PBXSourcesBuildPhase section */

/* Begin XCBuildConfiguration section */
		A100000000000004 /* Debug */ = {
			isa = XCBuildConfiguration;
			buildSettings = {
				ALWAYS_SEARCH_USER_PATHS = NO;
				CLANG_ENABLE_MODULES = YES;
				CLANG_ENABLE_OBJC_ARC = YES;
				COPY_PHASE_STRIP = NO;
				DEBUG_INFORMATION_FORMAT = dwarf;
				ENABLE_TESTABILITY = YES;
				GCC_DYNAMIC_NO_PIC = NO;
				GCC_OPTIMIZATION_LEVEL = 0;
				GCC_PREPROCESSOR_DEFINITIONS = (
					"DEBUG=1",
					"$(inherited)",
				);
				IPHONEOS_DEPLOYMENT_TARGET = 16.0;
				MTL_ENABLE_DEBUG_INFO = INCLUDE_SOURCE;
				ONLY_ACTIVE_ARCH = YES;
				SDKROOT = iphoneos;
				SWIFT_ACTIVE_COMPILATION_CONDITIONS = DEBUG;
				SWIFT_OPTIMIZATION_LEVEL = "-Onone";
			};
			name = Debug;
		};
		A100000000000005 /* Release */ = {
			isa = XCBuildConfiguration;
			buildSettings = {
				ALWAYS_SEARCH_USER_PATHS = NO;
				CLANG_ENABLE_MODULES = YES;
				CLANG_ENABLE_OBJC_ARC = YES;
				COPY_PHASE_STRIP = NO;
				DEBUG_INFORMATION_FORMAT = "dwarf-with-dsym";
				ENABLE_NS_ASSERTIONS = NO;
				GCC_OPTIMIZATION_LEVEL = s;
				IPHONEOS_DEPLOYMENT_TARGET = 16.0;
				MTL_ENABLE_DEBUG_INFO = NO;
				SDKROOT = iphoneos;
				SWIFT_COMPILATION_MODE = wholemodule;
				VALIDATE_PRODUCT = YES;
			};
			name = Release;
		};
		A100000000000007 /* Debug */ = {
			isa = XCBuildConfiguration;
			baseConfigurationReference = A100000000000016 /* Config.xcconfig */;
			buildSettings = {
				CODE_SIGN_STYLE = Automatic;
				DEVELOPMENT_TEAM = "";
				FRAMEWORK_SEARCH_PATHS = (
					"$(inherited)",
					"$(SRCROOT)/../shared/build/xcode-frameworks/$(CONFIGURATION)/$(SDK_NAME)",
				);
				GENERATE_INFOPLIST_FILE = NO;
				INFOPLIST_FILE = iosApp/Info.plist;
				LD_RUNPATH_SEARCH_PATHS = (
					"$(inherited)",
					"@executable_path/Frameworks",
				);
				OTHER_LDFLAGS = (
					"$(inherited)",
					"-framework",
					shared,
				);
				PRODUCT_NAME = gestSQUADRE;
				SWIFT_EMIT_LOC_STRINGS = YES;
				SWIFT_VERSION = 5.0;
				TARGETED_DEVICE_FAMILY = "1,2";
			};
			name = Debug;
		};
		A100000000000008 /* Release */ = {
			isa = XCBuildConfiguration;
			baseConfigurationReference = A100000000000016 /* Config.xcconfig */;
			buildSettings = {
				CODE_SIGN_STYLE = Automatic;
				DEVELOPMENT_TEAM = "";
				FRAMEWORK_SEARCH_PATHS = (
					"$(inherited)",
					"$(SRCROOT)/../shared/build/xcode-frameworks/$(CONFIGURATION)/$(SDK_NAME)",
				);
				GENERATE_INFOPLIST_FILE = NO;
				INFOPLIST_FILE = iosApp/Info.plist;
				LD_RUNPATH_SEARCH_PATHS = (
					"$(inherited)",
					"@executable_path/Frameworks",
				);
				OTHER_LDFLAGS = (
					"$(inherited)",
					"-framework",
					shared,
				);
				PRODUCT_NAME = gestSQUADRE;
				SWIFT_EMIT_LOC_STRINGS = YES;
				SWIFT_VERSION = 5.0;
				TARGETED_DEVICE_FAMILY = "1,2";
			};
			name = Release;
		};
/* End XCBuildConfiguration section */

/* Begin XCConfigurationList section */
		A100000000000003 /* Build configuration list for PBXProject "iosApp" */ = {
			isa = XCConfigurationList;
			buildConfigurations = (
				A100000000000004 /* Debug */,
				A100000000000005 /* Release */,
			);
			defaultConfigurationIsVisible = 0;
			defaultConfigurationName = Release;
		};
		A100000000000006 /* Build configuration list for PBXNativeTarget "iosApp" */ = {
			isa = XCConfigurationList;
			buildConfigurations = (
				A100000000000007 /* Debug */,
				A100000000000008 /* Release */,
			);
			defaultConfigurationIsVisible = 0;
			defaultConfigurationName = Release;
		};
/* End XCConfigurationList section */
	};
	rootObject = A100000000000001 /* Project object */;
}
